
Microsoft Visual Studio Solution File, Format Version 11.00
# Visual Studio 2010
Project("{FAE04EC0-301F-11D3-BF4B-00C04F79EFBC}") = "Assembly-CSharp", "Assembly-CSharp.csproj", "{72B5CE73-4CFE-2018-E0F4-31113730005A}"
EndProject
Project("{FAE04EC0-301F-11D3-BF4B-00C04F79EFBC}") = "Assembly-CSharp-Editor", "Assembly-CSharp-Editor.csproj", "{A1E76D92-8FB8-A00A-05AA-6A75F8C876C8}"
EndProject
Global
	GlobalSection(SolutionConfigurationPlatforms) = preSolution
		Debug|Any CPU = Debug|Any CPU
		Release|Any CPU = Release|Any CPU
	EndGlobalSection
	GlobalSection(ProjectConfigurationPlatforms) = postSolution
		{72B5CE73-4CFE-2018-E0F4-31113730005A}.Debug|Any CPU.ActiveCfg = Debug|Any CPU
		{72B5CE73-4CFE-2018-E0F4-31113730005A}.Debug|Any CPU.Build.0 = Debug|Any CPU
		{72B5CE73-4CFE-2018-E0F4-31113730005A}.Release|Any CPU.ActiveCfg = Release|Any CPU
		{72B5CE73-4CFE-2018-E0F4-31113730005A}.Release|Any CPU.Build.0 = Release|Any CPU
		{A1E76D92-8FB8-A00A-05AA-6A75F8C876C8}.Debug|Any CPU.ActiveCfg = Debug|Any CPU
		{A1E76D92-8FB8-A00A-05AA-6A75F8C876C8}.Debug|Any CPU.Build.0 = Debug|Any CPU
		{A1E76D92-8FB8-A00A-05AA-6A75F8C876C8}.Release|Any CPU.ActiveCfg = Release|Any CPU
		{A1E76D92-8FB8-A00A-05AA-6A75F8C876C8}.Release|Any CPU.Build.0 = Release|Any CPU
	EndGlobalSection
	GlobalSection(SolutionProperties) = preSolution
		HideSolutionNode = FALSE
	EndGlobalSection
	GlobalSection(MonoDevelopProperties) = preSolution
		StartupItem = Assembly-CSharp.csproj
	EndGlobalSection
EndGlobal
